// !$*UTF8*$!
{
	archiveVersion = 1;
	classes = {
	};
	objectVersion = 56;
	objects = {

/* Begin PBXBuildFile section */
		8E333A9E292293FF003E08B4 /* AppDelegate.swift in Sources */ = {isa = PBXBuildFile; fileRef = 8E333A9D292293FF003E08B4 /* AppDelegate.swift */; };
		8E333AA0292293FF003E08B4 /* SceneDelegate.swift in Sources */ = {isa = PBXBuildFile; fileRef = 8E333A9F292293FF003E08B4 /* SceneDelegate.swift */; };
		8E333AA2292293FF003E08B4 /* MainTBC.swift in Sources */ = {isa = PBXBuildFile; fileRef = 8E333AA1292293FF003E08B4 /* MainTBC.swift */; };
		8E333AA729229400003E08B4 /* Assets.xcassets in Resources */ = {isa = PBXBuildFile; fileRef = 8E333AA629229400003E08B4 /* Assets.xcassets */; };
		8E333AAA29229400003E08B4 /* LaunchScreen.storyboard in Resources */ = {isa = PBXBuildFile; fileRef = 8E333AA829229400003E08B4 /* LaunchScreen.storyboard */; };
		8E4FE7AD292381F600E9F36A /* Adjusted+.swift in Sources */ = {isa = PBXBuildFile; fileRef = 8E4FE7AC292381F600E9F36A /* Adjusted+.swift */; };
		8E4FE7AF2923822500E9F36A /* addSubviews.swift in Sources */ = {isa = PBXBuildFile; fileRef = 8E4FE7AE2923822500E9F36A /* addSubviews.swift */; };
		8E4FE7B12923823400E9F36A /* getClassName.swift in Sources */ = {isa = PBXBuildFile; fileRef = 8E4FE7B02923823400E9F36A /* getClassName.swift */; };
		8E4FE7B329238B3800E9F36A /* FontLiterals.swift in Sources */ = {isa = PBXBuildFile; fileRef = 8E4FE7B229238B3800E9F36A /* FontLiterals.swift */; };
		8E7984CE292368AF00EDC6E3 /* MyPageVC.swift in Sources */ = {isa = PBXBuildFile; fileRef = 8E7984CD292368AF00EDC6E3 /* MyPageVC.swift */; };
		8E7984D0292368B700EDC6E3 /* HomeVC.swift in Sources */ = {isa = PBXBuildFile; fileRef = 8E7984CF292368B700EDC6E3 /* HomeVC.swift */; };
		8E7984D2292368BF00EDC6E3 /* BasketVC.swift in Sources */ = {isa = PBXBuildFile; fileRef = 8E7984D1292368BF00EDC6E3 /* BasketVC.swift */; };
		8E7984D52923787000EDC6E3 /* Pretendard-Bold.otf in Resources */ = {isa = PBXBuildFile; fileRef = 8E7984D42923787000EDC6E3 /* Pretendard-Bold.otf */; };
		8E7984D92923788500EDC6E3 /* Pretendard-SemiBold.otf in Resources */ = {isa = PBXBuildFile; fileRef = 8E7984D62923788500EDC6E3 /* Pretendard-SemiBold.otf */; };
		8E7984DA2923788500EDC6E3 /* Pretendard-Medium.otf in Resources */ = {isa = PBXBuildFile; fileRef = 8E7984D72923788500EDC6E3 /* Pretendard-Medium.otf */; };
		8E7984DB2923788500EDC6E3 /* Pretendard-Regular.otf in Resources */ = {isa = PBXBuildFile; fileRef = 8E7984D82923788500EDC6E3 /* Pretendard-Regular.otf */; };
		8E7984DD29237E5300EDC6E3 /* ColorLiterals.swift in Sources */ = {isa = PBXBuildFile; fileRef = 8E7984DC29237E5200EDC6E3 /* ColorLiterals.swift */; };
		8E7984DF29237FB100EDC6E3 /* ImageLiterals.swift in Sources */ = {isa = PBXBuildFile; fileRef = 8E7984DE29237FB100EDC6E3 /* ImageLiterals.swift */; };
		8E7984E22923815C00EDC6E3 /* Then in Frameworks */ = {isa = PBXBuildFile; productRef = 8E7984E12923815C00EDC6E3 /* Then */; };
		8E7984E52923816A00EDC6E3 /* SnapKit in Frameworks */ = {isa = PBXBuildFile; productRef = 8E7984E42923816A00EDC6E3 /* SnapKit */; };
		8E7984E82923818900EDC6E3 /* Moya in Frameworks */ = {isa = PBXBuildFile; productRef = 8E7984E72923818900EDC6E3 /* Moya */; };
/* End PBXBuildFile section */

/* Begin PBXFileReference section */
		8E333A9A292293FF003E08B4 /* Aladin-iOS.app */ = {isa = PBXFileReference; explicitFileType = wrapper.application; includeInIndex = 0; path = "Aladin-iOS.app"; sourceTree = BUILT_PRODUCTS_DIR; };
		8E333A9D292293FF003E08B4 /* AppDelegate.swift */ = {isa = PBXFileReference; lastKnownFileType = sourcecode.swift; path = AppDelegate.swift; sourceTree = "<group>"; };
		8E333A9F292293FF003E08B4 /* SceneDelegate.swift */ = {isa = PBXFileReference; lastKnownFileType = sourcecode.swift; path = SceneDelegate.swift; sourceTree = "<group>"; };
		8E333AA1292293FF003E08B4 /* MainTBC.swift */ = {isa = PBXFileReference; lastKnownFileType = sourcecode.swift; path = MainTBC.swift; sourceTree = "<group>"; };
		8E333AA629229400003E08B4 /* Assets.xcassets */ = {isa = PBXFileReference; lastKnownFileType = folder.assetcatalog; path = Assets.xcassets; sourceTree = "<group>"; };
		8E333AA929229400003E08B4 /* Base */ = {isa = PBXFileReference; lastKnownFileType = file.storyboard; name = Base; path = Base.lproj/LaunchScreen.storyboard; sourceTree = "<group>"; };
		8E333AAB29229400003E08B4 /* Info.plist */ = {isa = PBXFileReference; lastKnownFileType = text.plist.xml; path = Info.plist; sourceTree = "<group>"; };
		8E4FE7AC292381F600E9F36A /* Adjusted+.swift */ = {isa = PBXFileReference; lastKnownFileType = sourcecode.swift; path = "Adjusted+.swift"; sourceTree = "<group>"; };
		8E4FE7AE2923822500E9F36A /* addSubviews.swift */ = {isa = PBXFileReference; lastKnownFileType = sourcecode.swift; path = addSubviews.swift; sourceTree = "<group>"; };
		8E4FE7B02923823400E9F36A /* getClassName.swift */ = {isa = PBXFileReference; lastKnownFileType = sourcecode.swift; path = getClassName.swift; sourceTree = "<group>"; };
		8E4FE7B229238B3800E9F36A /* FontLiterals.swift */ = {isa = PBXFileReference; lastKnownFileType = sourcecode.swift; path = FontLiterals.swift; sourceTree = "<group>"; };
		8E7984CD292368AF00EDC6E3 /* MyPageVC.swift */ = {isa = PBXFileReference; lastKnownFileType = sourcecode.swift; path = MyPageVC.swift; sourceTree = "<group>"; };
		8E7984CF292368B700EDC6E3 /* HomeVC.swift */ = {isa = PBXFileReference; lastKnownFileType = sourcecode.swift; path = HomeVC.swift; sourceTree = "<group>"; };
		8E7984D1292368BF00EDC6E3 /* BasketVC.swift */ = {isa = PBXFileReference; lastKnownFileType = sourcecode.swift; path = BasketVC.swift; sourceTree = "<group>"; };
		8E7984D42923787000EDC6E3 /* Pretendard-Bold.otf */ = {isa = PBXFileReference; lastKnownFileType = file; path = "Pretendard-Bold.otf"; sourceTree = "<group>"; };
		8E7984D62923788500EDC6E3 /* Pretendard-SemiBold.otf */ = {isa = PBXFileReference; lastKnownFileType = file; path = "Pretendard-SemiBold.otf"; sourceTree = "<group>"; };
		8E7984D72923788500EDC6E3 /* Pretendard-Medium.otf */ = {isa = PBXFileReference; lastKnownFileType = file; path = "Pretendard-Medium.otf"; sourceTree = "<group>"; };
		8E7984D82923788500EDC6E3 /* Pretendard-Regular.otf */ = {isa = PBXFileReference; lastKnownFileType = file; path = "Pretendard-Regular.otf"; sourceTree = "<group>"; };
		8E7984DC29237E5200EDC6E3 /* ColorLiterals.swift */ = {isa = PBXFileReference; lastKnownFileType = sourcecode.swift; path = ColorLiterals.swift; sourceTree = "<group>"; };
		8E7984DE29237FB100EDC6E3 /* ImageLiterals.swift */ = {isa = PBXFileReference; lastKnownFileType = sourcecode.swift; path = ImageLiterals.swift; sourceTree = "<group>"; };
/* End PBXFileReference section */

/* Begin PBXFrameworksBuildPhase section */
		8E333A97292293FF003E08B4 /* Frameworks */ = {
			isa = PBXFrameworksBuildPhase;
			buildActionMask = 2147483647;
			files = (
				8E7984E22923815C00EDC6E3 /* Then in Frameworks */,
				8E7984E52923816A00EDC6E3 /* SnapKit in Frameworks */,
				8E7984E82923818900EDC6E3 /* Moya in Frameworks */,
			);
			runOnlyForDeploymentPostprocessing = 0;
		};
/* End PBXFrameworksBuildPhase section */

/* Begin PBXGroup section */
		8E333A91292293FF003E08B4 = {
			isa = PBXGroup;
			children = (
				8E333A9C292293FF003E08B4 /* Aladin-iOS */,
				8E333A9B292293FF003E08B4 /* Products */,
			);
			sourceTree = "<group>";
		};
		8E333A9B292293FF003E08B4 /* Products */ = {
			isa = PBXGroup;
			children = (
				8E333A9A292293FF003E08B4 /* Aladin-iOS.app */,
			);
			name = Products;
			sourceTree = "<group>";
		};
		8E333A9C292293FF003E08B4 /* Aladin-iOS */ = {
			isa = PBXGroup;
			children = (
				8E7984BC29235F8300EDC6E3 /* Network */,
				8E7984BB29235F7600EDC6E3 /* Global */,
				8E7984BD29235F8D00EDC6E3 /* Screens */,
				8E333AAB29229400003E08B4 /* Info.plist */,
			);
			path = "Aladin-iOS";
			sourceTree = "<group>";
		};
		8E7984BB29235F7600EDC6E3 /* Global */ = {
			isa = PBXGroup;
			children = (
				8E7984CA2923604700EDC6E3 /* Extension */,
				8E7984C62923602E00EDC6E3 /* Supports */,
				8E7984C92923604100EDC6E3 /* Literals */,
				8E7984CB2923605800EDC6E3 /* Utils */,
				8E7984C82923603900EDC6E3 /* UIComponent */,
				8E7984C72923603200EDC6E3 /* Resources */,
			);
			path = Global;
			sourceTree = "<group>";
		};
		8E7984BC29235F8300EDC6E3 /* Network */ = {
			isa = PBXGroup;
			children = (
				8E7984C42923601C00EDC6E3 /* API */,
				8E7984C52923602400EDC6E3 /* Service */,
				8E7984C32923601700EDC6E3 /* Model */,
				8E7984C22923600F00EDC6E3 /* Foundation */,
			);
			path = Network;
			sourceTree = "<group>";
		};
		8E7984BD29235F8D00EDC6E3 /* Screens */ = {
			isa = PBXGroup;
			children = (
				8E7984BF29235FB300EDC6E3 /* TabBar */,
				8E7984C029235FBD00EDC6E3 /* MyPage */,
				8E7984BE29235FAE00EDC6E3 /* Home */,
				8E7984C129235FE800EDC6E3 /* Basket */,
			);
			path = Screens;
			sourceTree = "<group>";
		};
		8E7984BE29235FAE00EDC6E3 /* Home */ = {
			isa = PBXGroup;
			children = (
				8E7984CF292368B700EDC6E3 /* HomeVC.swift */,
			);
			path = Home;
			sourceTree = "<group>";
		};
		8E7984BF29235FB300EDC6E3 /* TabBar */ = {
			isa = PBXGroup;
			children = (
				8E333AA1292293FF003E08B4 /* MainTBC.swift */,
			);
			path = TabBar;
			sourceTree = "<group>";
		};
		8E7984C029235FBD00EDC6E3 /* MyPage */ = {
			isa = PBXGroup;
			children = (
				8E7984CD292368AF00EDC6E3 /* MyPageVC.swift */,
			);
			path = MyPage;
			sourceTree = "<group>";
		};
		8E7984C129235FE800EDC6E3 /* Basket */ = {
			isa = PBXGroup;
			children = (
				8E7984D1292368BF00EDC6E3 /* BasketVC.swift */,
			);
			path = Basket;
			sourceTree = "<group>";
		};
		8E7984C22923600F00EDC6E3 /* Foundation */ = {
			isa = PBXGroup;
			children = (
			);
			path = Foundation;
			sourceTree = "<group>";
		};
		8E7984C32923601700EDC6E3 /* Model */ = {
			isa = PBXGroup;
			children = (
			);
			path = Model;
			sourceTree = "<group>";
		};
		8E7984C42923601C00EDC6E3 /* API */ = {
			isa = PBXGroup;
			children = (
			);
			path = API;
			sourceTree = "<group>";
		};
		8E7984C52923602400EDC6E3 /* Service */ = {
			isa = PBXGroup;
			children = (
			);
			path = Service;
			sourceTree = "<group>";
		};
		8E7984C62923602E00EDC6E3 /* Supports */ = {
			isa = PBXGroup;
			children = (
				8E333AA829229400003E08B4 /* LaunchScreen.storyboard */,
				8E333A9D292293FF003E08B4 /* AppDelegate.swift */,
				8E333A9F292293FF003E08B4 /* SceneDelegate.swift */,
			);
			path = Supports;
			sourceTree = "<group>";
		};
		8E7984C72923603200EDC6E3 /* Resources */ = {
			isa = PBXGroup;
			children = (
				8E7984D32923785000EDC6E3 /* Fonts */,
				8E333AA629229400003E08B4 /* Assets.xcassets */,
			);
			path = Resources;
			sourceTree = "<group>";
		};
		8E7984C82923603900EDC6E3 /* UIComponent */ = {
			isa = PBXGroup;
			children = (
			);
			path = UIComponent;
			sourceTree = "<group>";
		};
		8E7984C92923604100EDC6E3 /* Literals */ = {
			isa = PBXGroup;
			children = (
				8E7984DE29237FB100EDC6E3 /* ImageLiterals.swift */,
				8E7984DC29237E5200EDC6E3 /* ColorLiterals.swift */,
				8E4FE7B229238B3800E9F36A /* FontLiterals.swift */,
			);
			path = Literals;
			sourceTree = "<group>";
		};
		8E7984CA2923604700EDC6E3 /* Extension */ = {
			isa = PBXGroup;
			children = (
				8E4FE7AC292381F600E9F36A /* Adjusted+.swift */,
			);
			path = Extension;
			sourceTree = "<group>";
		};
		8E7984CB2923605800EDC6E3 /* Utils */ = {
			isa = PBXGroup;
			children = (
				8E4FE7AE2923822500E9F36A /* addSubviews.swift */,
				8E4FE7B02923823400E9F36A /* getClassName.swift */,
			);
			path = Utils;
			sourceTree = "<group>";
		};
		8E7984D32923785000EDC6E3 /* Fonts */ = {
			isa = PBXGroup;
			children = (
				8E7984D42923787000EDC6E3 /* Pretendard-Bold.otf */,
				8E7984D72923788500EDC6E3 /* Pretendard-Medium.otf */,
				8E7984D82923788500EDC6E3 /* Pretendard-Regular.otf */,
				8E7984D62923788500EDC6E3 /* Pretendard-SemiBold.otf */,
			);
			path = Fonts;
			sourceTree = "<group>";
		};
/* End PBXGroup section */

/* Begin PBXNativeTarget section */
		8E333A99292293FF003E08B4 /* Aladin-iOS */ = {
			isa = PBXNativeTarget;
			buildConfigurationList = 8E333AAE29229400003E08B4 /* Build configuration list for PBXNativeTarget "Aladin-iOS" */;
			buildPhases = (
				8E333A96292293FF003E08B4 /* Sources */,
				8E333A97292293FF003E08B4 /* Frameworks */,
				8E333A98292293FF003E08B4 /* Resources */,
			);
			buildRules = (
			);
			dependencies = (
			);
			name = "Aladin-iOS";
			packageProductDependencies = (
				8E7984E12923815C00EDC6E3 /* Then */,
				8E7984E42923816A00EDC6E3 /* SnapKit */,
				8E7984E72923818900EDC6E3 /* Moya */,
			);
			productName = "Aladin-iOS";
			productReference = 8E333A9A292293FF003E08B4 /* Aladin-iOS.app */;
			productType = "com.apple.product-type.application";
		};
/* End PBXNativeTarget section */

/* Begin PBXProject section */
		8E333A92292293FF003E08B4 /* Project object */ = {
			isa = PBXProject;
			attributes = {
				BuildIndependentTargetsInParallel = 1;
				LastSwiftUpdateCheck = 1400;
				LastUpgradeCheck = 1400;
				TargetAttributes = {
					8E333A99292293FF003E08B4 = {
						CreatedOnToolsVersion = 14.0.1;
					};
				};
			};
			buildConfigurationList = 8E333A95292293FF003E08B4 /* Build configuration list for PBXProject "Aladin-iOS" */;
			compatibilityVersion = "Xcode 14.0";
			developmentRegion = en;
			hasScannedForEncodings = 0;
			knownRegions = (
				en,
				Base,
			);
			mainGroup = 8E333A91292293FF003E08B4;
			packageReferences = (
				8E7984E02923815C00EDC6E3 /* XCRemoteSwiftPackageReference "Then" */,
				8E7984E32923816A00EDC6E3 /* XCRemoteSwiftPackageReference "SnapKit" */,
				8E7984E62923818900EDC6E3 /* XCRemoteSwiftPackageReference "Moya" */,
			);
			productRefGroup = 8E333A9B292293FF003E08B4 /* Products */;
			projectDirPath = "";
			projectRoot = "";
			targets = (
				8E333A99292293FF003E08B4 /* Aladin-iOS */,
			);
		};
/* End PBXProject section */

/* Begin PBXResourcesBuildPhase section */
		8E333A98292293FF003E08B4 /* Resources */ = {
			isa = PBXResourcesBuildPhase;
			buildActionMask = 2147483647;
			files = (
				8E333AAA29229400003E08B4 /* LaunchScreen.storyboard in Resources */,
				8E7984DB2923788500EDC6E3 /* Pretendard-Regular.otf in Resources */,
				8E7984DA2923788500EDC6E3 /* Pretendard-Medium.otf in Resources */,
				8E7984D52923787000EDC6E3 /* Pretendard-Bold.otf in Resources */,
				8E333AA729229400003E08B4 /* Assets.xcassets in Resources */,
				8E7984D92923788500EDC6E3 /* Pretendard-SemiBold.otf in Resources */,
			);
			runOnlyForDeploymentPostprocessing = 0;
		};
/* End PBXResourcesBuildPhase section */

/* Begin PBXSourcesBuildPhase section */
		8E333A96292293FF003E08B4 /* Sources */ = {
			isa = PBXSourcesBuildPhase;
			buildActionMask = 2147483647;
			files = (
				8E333AA2292293FF003E08B4 /* MainTBC.swift in Sources */,
				8E4FE7AF2923822500E9F36A /* addSubviews.swift in Sources */,
				8E7984DF29237FB100EDC6E3 /* ImageLiterals.swift in Sources */,
				8E7984DD29237E5300EDC6E3 /* ColorLiterals.swift in Sources */,
				8E7984D0292368B700EDC6E3 /* HomeVC.swift in Sources */,
				8E7984CE292368AF00EDC6E3 /* MyPageVC.swift in Sources */,
				8E333A9E292293FF003E08B4 /* AppDelegate.swift in Sources */,
				8E7984D2292368BF00EDC6E3 /* BasketVC.swift in Sources */,
				8E4FE7B329238B3800E9F36A /* FontLiterals.swift in Sources */,
				8E333AA0292293FF003E08B4 /* SceneDelegate.swift in Sources */,
				8E4FE7AD292381F600E9F36A /* Adjusted+.swift in Sources */,
				8E4FE7B12923823400E9F36A /* getClassName.swift in Sources */,
			);
			runOnlyForDeploymentPostprocessing = 0;
		};
/* End PBXSourcesBuildPhase section */

/* Begin PBXVariantGroup section */
		8E333AA829229400003E08B4 /* LaunchScreen.storyboard */ = {
			isa = PBXVariantGroup;
			children = (
				8E333AA929229400003E08B4 /* Base */,
			);
			name = LaunchScreen.storyboard;
			sourceTree = "<group>";
		};
/* End PBXVariantGroup section */

/* Begin XCBuildConfiguration section */
		8E333AAC29229400003E08B4 /* Debug */ = {
			isa = XCBuildConfiguration;
			buildSettings = {
				ALWAYS_SEARCH_USER_PATHS = NO;
				CLANG_ANALYZER_NONNULL = YES;
				CLANG_ANALYZER_NUMBER_OBJECT_CONVERSION = YES_AGGRESSIVE;
				CLANG_CXX_LANGUAGE_STANDARD = "gnu++20";
				CLANG_ENABLE_MODULES = YES;
				CLANG_ENABLE_OBJC_ARC = YES;
				CLANG_ENABLE_OBJC_WEAK = YES;
				CLANG_WARN_BLOCK_CAPTURE_AUTORELEASING = YES;
				CLANG_WARN_BOOL_CONVERSION = YES;
				CLANG_WARN_COMMA = YES;
				CLANG_WARN_CONSTANT_CONVERSION = YES;
				CLANG_WARN_DEPRECATED_OBJC_IMPLEMENTATIONS = YES;
				CLANG_WARN_DIRECT_OBJC_ISA_USAGE = YES_ERROR;
				CLANG_WARN_DOCUMENTATION_COMMENTS = YES;
				CLANG_WARN_EMPTY_BODY = YES;
				CLANG_WARN_ENUM_CONVERSION = YES;
				CLANG_WARN_INFINITE_RECURSION = YES;
				CLANG_WARN_INT_CONVERSION = YES;
				CLANG_WARN_NON_LITERAL_NULL_CONVERSION = YES;
				CLANG_WARN_OBJC_IMPLICIT_RETAIN_SELF = YES;
				CLANG_WARN_OBJC_LITERAL_CONVERSION = YES;
				CLANG_WARN_OBJC_ROOT_CLASS = YES_ERROR;
				CLANG_WARN_QUOTED_INCLUDE_IN_FRAMEWORK_HEADER = YES;
				CLANG_WARN_RANGE_LOOP_ANALYSIS = YES;
				CLANG_WARN_STRICT_PROTOTYPES = YES;
				CLANG_WARN_SUSPICIOUS_MOVE = YES;
				CLANG_WARN_UNGUARDED_AVAILABILITY = YES_AGGRESSIVE;
				CLANG_WARN_UNREACHABLE_CODE = YES;
				CLANG_WARN__DUPLICATE_METHOD_MATCH = YES;
				COPY_PHASE_STRIP = NO;
				DEBUG_INFORMATION_FORMAT = dwarf;
				ENABLE_STRICT_OBJC_MSGSEND = YES;
				ENABLE_TESTABILITY = YES;
				GCC_C_LANGUAGE_STANDARD = gnu11;
				GCC_DYNAMIC_NO_PIC = NO;
				GCC_NO_COMMON_BLOCKS = YES;
				GCC_OPTIMIZATION_LEVEL = 0;
				GCC_PREPROCESSOR_DEFINITIONS = (
					"DEBUG=1",
					"$(inherited)",
				);
				GCC_WARN_64_TO_32_BIT_CONVERSION = YES;
				GCC_WARN_ABOUT_RETURN_TYPE = YES_ERROR;
				GCC_WARN_UNDECLARED_SELECTOR = YES;
				GCC_WARN_UNINITIALIZED_AUTOS = YES_AGGRESSIVE;
				GCC_WARN_UNUSED_FUNCTION = YES;
				GCC_WARN_UNUSED_VARIABLE = YES;
				IPHONEOS_DEPLOYMENT_TARGET = 15.0;
				MTL_ENABLE_DEBUG_INFO = INCLUDE_SOURCE;
				MTL_FAST_MATH = YES;
				ONLY_ACTIVE_ARCH = YES;
				SDKROOT = iphoneos;
				SWIFT_ACTIVE_COMPILATION_CONDITIONS = DEBUG;
				SWIFT_OPTIMIZATION_LEVEL = "-Onone";
			};
			name = Debug;
		};
		8E333AAD29229400003E08B4 /* Release */ = {
			isa = XCBuildConfiguration;
			buildSettings = {
				ALWAYS_SEARCH_USER_PATHS = NO;
				CLANG_ANALYZER_NONNULL = YES;
				CLANG_ANALYZER_NUMBER_OBJECT_CONVERSION = YES_AGGRESSIVE;
				CLANG_CXX_LANGUAGE_STANDARD = "gnu++20";
				CLANG_ENABLE_MODULES = YES;
				CLANG_ENABLE_OBJC_ARC = YES;
				CLANG_ENABLE_OBJC_WEAK = YES;
				CLANG_WARN_BLOCK_CAPTURE_AUTORELEASING = YES;
				CLANG_WARN_BOOL_CONVERSION = YES;
				CLANG_WARN_COMMA = YES;
				CLANG_WARN_CONSTANT_CONVERSION = YES;
				CLANG_WARN_DEPRECATED_OBJC_IMPLEMENTATIONS = YES;
				CLANG_WARN_DIRECT_OBJC_ISA_USAGE = YES_ERROR;
				CLANG_WARN_DOCUMENTATION_COMMENTS = YES;
				CLANG_WARN_EMPTY_BODY = YES;
				CLANG_WARN_ENUM_CONVERSION = YES;
				CLANG_WARN_INFINITE_RECURSION = YES;
				CLANG_WARN_INT_CONVERSION = YES;
				CLANG_WARN_NON_LITERAL_NULL_CONVERSION = YES;
				CLANG_WARN_OBJC_IMPLICIT_RETAIN_SELF = YES;
				CLANG_WARN_OBJC_LITERAL_CONVERSION = YES;
				CLANG_WARN_OBJC_ROOT_CLASS = YES_ERROR;
				CLANG_WARN_QUOTED_INCLUDE_IN_FRAMEWORK_HEADER = YES;
				CLANG_WARN_RANGE_LOOP_ANALYSIS = YES;
				CLANG_WARN_STRICT_PROTOTYPES = YES;
				CLANG_WARN_SUSPICIOUS_MOVE = YES;
				CLANG_WARN_UNGUARDED_AVAILABILITY = YES_AGGRESSIVE;
				CLANG_WARN_UNREACHABLE_CODE = YES;
				CLANG_WARN__DUPLICATE_METHOD_MATCH = YES;
				COPY_PHASE_STRIP = NO;
				DEBUG_INFORMATION_FORMAT = "dwarf-with-dsym";
				ENABLE_NS_ASSERTIONS = NO;
				ENABLE_STRICT_OBJC_MSGSEND = YES;
				GCC_C_LANGUAGE_STANDARD = gnu11;
				GCC_NO_COMMON_BLOCKS = YES;
				GCC_WARN_64_TO_32_BIT_CONVERSION = YES;
				GCC_WARN_ABOUT_RETURN_TYPE = YES_ERROR;
				GCC_WARN_UNDECLARED_SELECTOR = YES;
				GCC_WARN_UNINITIALIZED_AUTOS = YES_AGGRESSIVE;
				GCC_WARN_UNUSED_FUNCTION = YES;
				GCC_WARN_UNUSED_VARIABLE = YES;
				IPHONEOS_DEPLOYMENT_TARGET = 15.0;
				MTL_ENABLE_DEBUG_INFO = NO;
				MTL_FAST_MATH = YES;
				SDKROOT = iphoneos;
				SWIFT_COMPILATION_MODE = wholemodule;
				SWIFT_OPTIMIZATION_LEVEL = "-O";
				VALIDATE_PRODUCT = YES;
			};
			name = Release;
		};
		8E333AAF29229400003E08B4 /* Debug */ = {
			isa = XCBuildConfiguration;
			buildSettings = {
				ASSETCATALOG_COMPILER_APPICON_NAME = AppIcon;
				ASSETCATALOG_COMPILER_GLOBAL_ACCENT_COLOR_NAME = AccentColor;
				CODE_SIGN_STYLE = Automatic;
				CURRENT_PROJECT_VERSION = 1;
				DEVELOPMENT_TEAM = R6RDNJW78B;
				GENERATE_INFOPLIST_FILE = YES;
				INFOPLIST_FILE = "Aladin-iOS/Info.plist";
				INFOPLIST_KEY_UIApplicationSupportsIndirectInputEvents = YES;
				INFOPLIST_KEY_UILaunchStoryboardName = LaunchScreen;
				INFOPLIST_KEY_UIMainStoryboardFile = "";
				INFOPLIST_KEY_UIStatusBarStyle = UIStatusBarStyleLightContent;
				INFOPLIST_KEY_UISupportedInterfaceOrientations = UIInterfaceOrientationPortrait;
				IPHONEOS_DEPLOYMENT_TARGET = 15.0;
				LD_RUNPATH_SEARCH_PATHS = (
					"$(inherited)",
					"@executable_path/Frameworks",
				);
				MARKETING_VERSION = 1.0;
				PRODUCT_BUNDLE_IDENTIFIER = "org.sopt.devxsby.Aladin-iOS";
				PRODUCT_NAME = "$(TARGET_NAME)";
				SWIFT_EMIT_LOC_STRINGS = YES;
				SWIFT_VERSION = 5.0;
				TARGETED_DEVICE_FAMILY = "1,2";
			};
			name = Debug;
		};
		8E333AB029229400003E08B4 /* Release */ = {
			isa = XCBuildConfiguration;
			buildSettings = {
				ASSETCATALOG_COMPILER_APPICON_NAME = AppIcon;
				ASSETCATALOG_COMPILER_GLOBAL_ACCENT_COLOR_NAME = AccentColor;
				CODE_SIGN_STYLE = Automatic;
				CURRENT_PROJECT_VERSION = 1;
				DEVELOPMENT_TEAM = R6RDNJW78B;
				GENERATE_INFOPLIST_FILE = YES;
				INFOPLIST_FILE = "Aladin-iOS/Info.plist";
				INFOPLIST_KEY_UIApplicationSupportsIndirectInputEvents = YES;
				INFOPLIST_KEY_UILaunchStoryboardName = LaunchScreen;
				INFOPLIST_KEY_UIMainStoryboardFile = "";
				INFOPLIST_KEY_UIStatusBarStyle = UIStatusBarStyleLightContent;
				INFOPLIST_KEY_UISupportedInterfaceOrientations = UIInterfaceOrientationPortrait;
				IPHONEOS_DEPLOYMENT_TARGET = 15.0;
				LD_RUNPATH_SEARCH_PATHS = (
					"$(inherited)",
					"@executable_path/Frameworks",
				);
				MARKETING_VERSION = 1.0;
				PRODUCT_BUNDLE_IDENTIFIER = "org.sopt.devxsby.Aladin-iOS";
				PRODUCT_NAME = "$(TARGET_NAME)";
				SWIFT_EMIT_LOC_STRINGS = YES;
				SWIFT_VERSION = 5.0;
				TARGETED_DEVICE_FAMILY = "1,2";
			};
			name = Release;
		};
/* End XCBuildConfiguration section */

/* Begin XCConfigurationList section */
		8E333A95292293FF003E08B4 /* Build configuration list for PBXProject "Aladin-iOS" */ = {
			isa = XCConfigurationList;
			buildConfigurations = (
				8E333AAC29229400003E08B4 /* Debug */,
				8E333AAD29229400003E08B4 /* Release */,
			);
			defaultConfigurationIsVisible = 0;
			defaultConfigurationName = Release;
		};
		8E333AAE29229400003E08B4 /* Build configuration list for PBXNativeTarget "Aladin-iOS" */ = {
			isa = XCConfigurationList;
			buildConfigurations = (
				8E333AAF29229400003E08B4 /* Debug */,
				8E333AB029229400003E08B4 /* Release */,
			);
			defaultConfigurationIsVisible = 0;
			defaultConfigurationName = Release;
		};
/* End XCConfigurationList section */

/* Begin XCRemoteSwiftPackageReference section */
		8E7984E02923815C00EDC6E3 /* XCRemoteSwiftPackageReference "Then" */ = {
			isa = XCRemoteSwiftPackageReference;
			repositoryURL = "https://github.com/devxoul/Then";
			requirement = {
				branch = master;
				kind = branch;
			};
		};
		8E7984E32923816A00EDC6E3 /* XCRemoteSwiftPackageReference "SnapKit" */ = {
			isa = XCRemoteSwiftPackageReference;
			repositoryURL = "https://github.com/SnapKit/SnapKit";
			requirement = {
				branch = develop;
				kind = branch;
			};
		};
		8E7984E62923818900EDC6E3 /* XCRemoteSwiftPackageReference "Moya" */ = {
			isa = XCRemoteSwiftPackageReference;
			repositoryURL = "https://github.com/Moya/Moya";
			requirement = {
				branch = master;
				kind = branch;
			};
		};
/* End XCRemoteSwiftPackageReference section */

/* Begin XCSwiftPackageProductDependency section */
		8E7984E12923815C00EDC6E3 /* Then */ = {
			isa = XCSwiftPackageProductDependency;
			package = 8E7984E02923815C00EDC6E3 /* XCRemoteSwiftPackageReference "Then" */;
			productName = Then;
		};
		8E7984E42923816A00EDC6E3 /* SnapKit */ = {
			isa = XCSwiftPackageProductDependency;
			package = 8E7984E32923816A00EDC6E3 /* XCRemoteSwiftPackageReference "SnapKit" */;
			productName = SnapKit;
		};
		8E7984E72923818900EDC6E3 /* Moya */ = {
			isa = XCSwiftPackageProductDependency;
			package = 8E7984E62923818900EDC6E3 /* XCRemoteSwiftPackageReference "Moya" */;
			productName = Moya;
		};
/* End XCSwiftPackageProductDependency section */
	};
	rootObject = 8E333A92292293FF003E08B4 /* Project object */;
}
